{
  "name": "day-day-account-book-frontend",
  "version": "0.0.0",
  "lockfileVersion": 1,
  "requires": true,
  "dependencies": {
    "@babel/parser": {
      "version": "7.15.8",
      "resolved": "https://registry.npmmirror.com/@babel/parser/download/@babel/parser-7.15.8.tgz",
      "integrity": "sha1-e6zcvnG9w/+TbVEMFdzqfPC5kBY="
    },
    "@popperjs/core": {
      "version": "2.10.2",
      "resolved": "https://registry.npmmirror.com/@popperjs/core/download/@popperjs/core-2.10.2.tgz",
      "integrity": "sha1-B5jAM1Hw3qGlpMq93yalWny+5ZA="
    },
    "@rollup/pluginutils": {
      "version": "4.1.1",
      "resolved": "https://registry.nlark.com/@rollup/pluginutils/download/@rollup/pluginutils-4.1.1.tgz",
      "integrity": "sha1-HU2obdTt7RVlalfZM/2iuaCNR+w=",
      "dev": true,
      "requires": {
        "estree-walker": "^2.0.1",
        "picomatch": "^2.2.2"
      }
    },
    "@vant/icons": {
      "version": "1.7.1",
      "resolved": "https://registry.nlark.com/@vant/icons/download/@vant/icons-1.7.1.tgz",
      "integrity": "sha1-Sa5CAwK1WB5U5olIkeWgW8dun4c="
    },
    "@vant/lazyload": {
      "version": "1.4.0",
      "resolved": "https://registry.npmmirror.com/@vant/lazyload/download/@vant/lazyload-1.4.0.tgz?cache=0&sync_timestamp=1632973102193&other_urls=https%3A%2F%2Fregistry.npmmirror.com%2F%40vant%2Flazyload%2Fdownload%2F%40vant%2Flazyload-1.4.0.tgz",
      "integrity": "sha1-4FKTJpF9jLImTuLk6wjxoDqrLB0=",
      "requires": {
        "@vant/use": "^1.3.2"
      }
    },
    "@vant/popperjs": {
      "version": "1.1.0",
      "resolved": "https://registry.npm.taobao.org/@vant/popperjs/download/@vant/popperjs-1.1.0.tgz",
      "integrity": "sha1-tO3uW7+m+xhwWYbjE9T9XxeUKg8=",
      "requires": {
        "@popperjs/core": "^2.9.2"
      }
    },
    "@vant/use": {
      "version": "1.3.2",
      "resolved": "https://registry.npmmirror.com/@vant/use/download/@vant/use-1.3.2.tgz?cache=0&sync_timestamp=1632970350432&other_urls=https%3A%2F%2Fregistry.npmmirror.com%2F%40vant%2Fuse%2Fdownload%2F%40vant%2Fuse-1.3.2.tgz",
      "integrity": "sha1-1PIy8EQN88BYxlA3rm8g69DAatM="
    },
    "@vitejs/plugin-vue": {
      "version": "1.9.3",
      "resolved": "https://registry.npmmirror.com/@vitejs/plugin-vue/download/@vitejs/plugin-vue-1.9.3.tgz",
      "integrity": "sha1-k9YYk85scj0CCa8Eg+yLkaLNgR8=",
      "dev": true
    },
    "@vue/compiler-core": {
      "version": "3.2.20",
      "resolved": "https://registry.npmmirror.com/@vue/compiler-core/download/@vue/compiler-core-3.2.20.tgz?cache=0&sync_timestamp=1633712761777&other_urls=https%3A%2F%2Fregistry.npmmirror.com%2F%40vue%2Fcompiler-core%2Fdownload%2F%40vue%2Fcompiler-core-3.2.20.tgz",
      "integrity": "sha1-r1o8UjeBiDWw0L6DfrWIWo0hwWA=",
      "requires": {
        "@babel/parser": "^7.15.0",
        "@vue/shared": "3.2.20",
        "estree-walker": "^2.0.2",
        "source-map": "^0.6.1"
      }
    },
    "@vue/compiler-dom": {
      "version": "3.2.20",
      "resolved": "https://registry.npmmirror.com/@vue/compiler-dom/download/@vue/compiler-dom-3.2.20.tgz?cache=0&sync_timestamp=1633712762936&other_urls=https%3A%2F%2Fregistry.npmmirror.com%2F%40vue%2Fcompiler-dom%2Fdownload%2F%40vue%2Fcompiler-dom-3.2.20.tgz",
      "integrity": "sha1-jg7zVEScD69BUZsAv8IEXq4B3LU=",
      "requires": {
        "@vue/compiler-core": "3.2.20",
        "@vue/shared": "3.2.20"
      }
    },
    "@vue/compiler-sfc": {
      "version": "3.2.20",
      "resolved": "https://registry.npmmirror.com/@vue/compiler-sfc/download/@vue/compiler-sfc-3.2.20.tgz?cache=0&sync_timestamp=1633712762379&other_urls=https%3A%2F%2Fregistry.npmmirror.com%2F%40vue%2Fcompiler-sfc%2Fdownload%2F%40vue%2Fcompiler-sfc-3.2.20.tgz",
      "integrity": "sha1-LXZo528GbFZt18CcFcmszk6Hbgo=",
      "requires": {
        "@babel/parser": "^7.15.0",
        "@vue/compiler-core": "3.2.20",
        "@vue/compiler-dom": "3.2.20",
        "@vue/compiler-ssr": "3.2.20",
        "@vue/ref-transform": "3.2.20",
        "@vue/shared": "3.2.20",
        "estree-walker": "^2.0.2",
        "magic-string": "^0.25.7",
        "postcss": "^8.1.10",
        "source-map": "^0.6.1"
      }
    },
    "@vue/compiler-ssr": {
      "version": "3.2.20",
      "resolved": "https://registry.npmmirror.com/@vue/compiler-ssr/download/@vue/compiler-ssr-3.2.20.tgz?cache=0&sync_timestamp=1633712764229&other_urls=https%3A%2F%2Fregistry.npmmirror.com%2F%40vue%2Fcompiler-ssr%2Fdownload%2F%40vue%2Fcompiler-ssr-3.2.20.tgz",
      "integrity": "sha1-nM62Jh2ZMstVaCAmEMHCj4bF5SE=",
      "requires": {
        "@vue/compiler-dom": "3.2.20",
        "@vue/shared": "3.2.20"
      }
    },
    "@vue/devtools-api": {
      "version": "6.0.0-beta.19",
      "resolved": "https://registry.npmmirror.com/@vue/devtools-api/download/@vue/devtools-api-6.0.0-beta.19.tgz",
      "integrity": "sha1-+OiAWdqkJFFZkkJqDH6lzeB+mb8="
    },
    "@vue/reactivity": {
      "version": "3.2.20",
      "resolved": "https://registry.npmmirror.com/@vue/reactivity/download/@vue/reactivity-3.2.20.tgz?cache=0&sync_timestamp=1633712763526&other_urls=https%3A%2F%2Fregistry.npmmirror.com%2F%40vue%2Freactivity%2Fdownload%2F%40vue%2Freactivity-3.2.20.tgz",
      "integrity": "sha1-gf4cNo5/ILwOwd7BBFu+4lNYLeg=",
      "requires": {
        "@vue/shared": "3.2.20"
      }
    },
    "@vue/ref-transform": {
      "version": "3.2.20",
      "resolved": "https://registry.npmmirror.com/@vue/ref-transform/download/@vue/ref-transform-3.2.20.tgz?cache=0&sync_timestamp=1633712763825&other_urls=https%3A%2F%2Fregistry.npmmirror.com%2F%40vue%2Fref-transform%2Fdownload%2F%40vue%2Fref-transform-3.2.20.tgz",
      "integrity": "sha1-KlnskMr45cczZ3agkAv/CouBwJA=",
      "requires": {
        "@babel/parser": "^7.15.0",
        "@vue/compiler-core": "3.2.20",
        "@vue/shared": "3.2.20",
        "estree-walker": "^2.0.2",
        "magic-string": "^0.25.7"
      }
    },
    "@vue/runtime-core": {
      "version": "3.2.20",
      "resolved": "https://registry.npmmirror.com/@vue/runtime-core/download/@vue/runtime-core-3.2.20.tgz?cache=0&sync_timestamp=1633712764609&other_urls=https%3A%2F%2Fregistry.npmmirror.com%2F%40vue%2Fruntime-core%2Fdownload%2F%40vue%2Fruntime-core-3.2.20.tgz",
      "integrity": "sha1-j2PpVqP4j7dyVBRDxFp3ASEQEss=",
      "requires": {
        "@vue/reactivity": "3.2.20",
        "@vue/shared": "3.2.20"
      }
    },
    "@vue/runtime-dom": {
      "version": "3.2.20",
      "resolved": "https://registry.npmmirror.com/@vue/runtime-dom/download/@vue/runtime-dom-3.2.20.tgz?cache=0&sync_timestamp=1633712766458&other_urls=https%3A%2F%2Fregistry.npmmirror.com%2F%40vue%2Fruntime-dom%2Fdownload%2F%40vue%2Fruntime-dom-3.2.20.tgz",
      "integrity": "sha1-iqVq5sMPnNSnHKDp7DxL3GcUjRU=",
      "requires": {
        "@vue/runtime-core": "3.2.20",
        "@vue/shared": "3.2.20",
        "csstype": "^2.6.8"
      }
    },
    "@vue/server-renderer": {
      "version": "3.2.20",
      "resolved": "https://registry.npmmirror.com/@vue/server-renderer/download/@vue/server-renderer-3.2.20.tgz?cache=0&sync_timestamp=1633712766117&other_urls=https%3A%2F%2Fregistry.npmmirror.com%2F%40vue%2Fserver-renderer%2Fdownload%2F%40vue%2Fserver-renderer-3.2.20.tgz",
      "integrity": "sha1-cF4HrpQlEysrYifTCKUaE/TU7IE=",
      "requires": {
        "@vue/compiler-ssr": "3.2.20",
        "@vue/shared": "3.2.20"
      }
    },
    "@vue/shared": {
      "version": "3.2.20",
      "resolved": "https://registry.npmmirror.com/@vue/shared/download/@vue/shared-3.2.20.tgz?cache=0&sync_timestamp=1633712765807&other_urls=https%3A%2F%2Fregistry.npmmirror.com%2F%40vue%2Fshared%2Fdownload%2F%40vue%2Fshared-3.2.20.tgz",
      "integrity": "sha1-U3RpYfcxqOpmbjMWJx6UQjjcMds="
    },
    "axios": {
      "version": "0.23.0",
      "resolved": "https://registry.npmmirror.com/axios/download/axios-0.23.0.tgz?cache=0&sync_timestamp=1634053131158&other_urls=https%3A%2F%2Fregistry.npmmirror.com%2Faxios%2Fdownload%2Faxios-0.23.0.tgz",
      "integrity": "sha1-sPpdCUio0ddePVY1I4tsRiWwUUk=",
      "requires": {
        "follow-redirects": "^1.14.4"
      }
    },
    "camel-case": {
      "version": "4.1.2",
      "resolved": "https://registry.nlark.com/camel-case/download/camel-case-4.1.2.tgz?cache=0&sync_timestamp=1624608083534&other_urls=https%3A%2F%2Fregistry.nlark.com%2Fcamel-case%2Fdownload%2Fcamel-case-4.1.2.tgz",
      "integrity": "sha1-lygHKpVPgFIoIlpt7qazhGHhvVo=",
      "dev": true,
      "requires": {
        "pascal-case": "^3.1.2",
        "tslib": "^2.0.3"
      }
    },
    "capital-case": {
      "version": "1.0.4",
      "resolved": "https://registry.npm.taobao.org/capital-case/download/capital-case-1.0.4.tgz",
      "integrity": "sha1-nRMCkjU8kkn2sA+lhSvuOKcX5mk=",
      "dev": true,
      "requires": {
        "no-case": "^3.0.4",
        "tslib": "^2.0.3",
        "upper-case-first": "^2.0.2"
      }
    },
    "change-case": {
      "version": "4.1.2",
      "resolved": "https://registry.npm.taobao.org/change-case/download/change-case-4.1.2.tgz?cache=0&sync_timestamp=1606867703975&other_urls=https%3A%2F%2Fregistry.npm.taobao.org%2Fchange-case%2Fdownload%2Fchange-case-4.1.2.tgz",
      "integrity": "sha1-/t/F8TYEXiOYwEEO5EH5VwRkHhI=",
      "dev": true,
      "requires": {
        "camel-case": "^4.1.2",
        "capital-case": "^1.0.4",
        "constant-case": "^3.0.4",
        "dot-case": "^3.0.4",
        "header-case": "^2.0.4",
        "no-case": "^3.0.4",
        "param-case": "^3.0.4",
        "pascal-case": "^3.1.2",
        "path-case": "^3.0.4",
        "sentence-case": "^3.0.4",
        "snake-case": "^3.0.4",
        "tslib": "^2.0.3"
      }
    },
    "constant-case": {
      "version": "3.0.4",
      "resolved": "https://registry.npm.taobao.org/constant-case/download/constant-case-3.0.4.tgz?cache=0&sync_timestamp=1606867255831&other_urls=https%3A%2F%2Fregistry.npm.taobao.org%2Fconstant-case%2Fdownload%2Fconstant-case-3.0.4.tgz",
      "integrity": "sha1-O4Sprq9M8x7EXmv13pG9+wWJ+vE=",
      "dev": true,
      "requires": {
        "no-case": "^3.0.4",
        "tslib": "^2.0.3",
        "upper-case": "^2.0.2"
      }
    },
    "copy-anything": {
      "version": "2.0.3",
      "resolved": "https://registry.npm.taobao.org/copy-anything/download/copy-anything-2.0.3.tgz?cache=0&other_urls=https%3A%2F%2Fregistry.npm.taobao.org%2Fcopy-anything%2Fdownload%2Fcopy-anything-2.0.3.tgz",
      "integrity": "sha1-hCQHugJGaw34RIGbvjuuu+XUXYc=",
      "dev": true,
      "requires": {
        "is-what": "^3.12.0"
      }
    },
    "csstype": {
      "version": "2.6.18",
      "resolved": "https://registry.nlark.com/csstype/download/csstype-2.6.18.tgz?cache=0&sync_timestamp=1631540658518&other_urls=https%3A%2F%2Fregistry.nlark.com%2Fcsstype%2Fdownload%2Fcsstype-2.6.18.tgz",
      "integrity": "sha1-mAqLUwhfNK8xNBCvBk8r0kF4Qhg="
    },
    "dayjs": {
      "version": "1.10.7",
      "resolved": "https://registry.nlark.com/dayjs/download/dayjs-1.10.7.tgz",
      "integrity": "sha1-LPX5Gt0oEWdIRAhmoKHSbzps5Gg="
    },
    "debug": {
      "version": "3.2.7",
      "resolved": "https://registry.nlark.com/debug/download/debug-3.2.7.tgz?cache=0&other_urls=https%3A%2F%2Fregistry.nlark.com%2Fdebug%2Fdownload%2Fdebug-3.2.7.tgz",
      "integrity": "sha1-clgLfpFF+zm2Z2+cXl+xALk0F5o=",
      "dev": true,
      "optional": true,
      "requires": {
        "ms": "^2.1.1"
      }
    },
    "dot-case": {
      "version": "3.0.4",
      "resolved": "https://registry.nlark.com/dot-case/download/dot-case-3.0.4.tgz",
      "integrity": "sha1-mytnDQCkMWZ6inW6Kc0bmICc51E=",
      "dev": true,
      "requires": {
        "no-case": "^3.0.4",
        "tslib": "^2.0.3"
      }
    },
    "errno": {
      "version": "0.1.8",
      "resolved": "https://registry.nlark.com/errno/download/errno-0.1.8.tgz",
      "integrity": "sha1-i7Ppx9Rjvkl2/4iPdrSAnrwugR8=",
      "dev": true,
      "optional": true,
      "requires": {
        "prr": "~1.0.1"
      }
    },
    "es-module-lexer": {
      "version": "0.7.1",
      "resolved": "https://registry.npmmirror.com/es-module-lexer/download/es-module-lexer-0.7.1.tgz?cache=0&sync_timestamp=1633645560577&other_urls=https%3A%2F%2Fregistry.npmmirror.com%2Fes-module-lexer%2Fdownload%2Fes-module-lexer-0.7.1.tgz",
      "integrity": "sha1-wsjg9G8t8GJ0za8N0/OzPgoLJn0=",
      "dev": true
    },
    "esbuild": {
      "version": "0.13.9",
      "resolved": "https://registry.npmmirror.com/esbuild/download/esbuild-0.13.9.tgz",
      "integrity": "sha1-qvxLM3WsRDrnsiPCbE5Y0Q0tU1s=",
      "dev": true,
      "requires": {
        "esbuild-android-arm64": "0.13.9",
        "esbuild-darwin-64": "0.13.9",
        "esbuild-darwin-arm64": "0.13.9",
        "esbuild-freebsd-64": "0.13.9",
        "esbuild-freebsd-arm64": "0.13.9",
        "esbuild-linux-32": "0.13.9",
        "esbuild-linux-64": "0.13.9",
        "esbuild-linux-arm": "0.13.9",
        "esbuild-linux-arm64": "0.13.9",
        "esbuild-linux-mips64le": "0.13.9",
        "esbuild-linux-ppc64le": "0.13.9",
        "esbuild-netbsd-64": "0.13.9",
        "esbuild-openbsd-64": "0.13.9",
        "esbuild-sunos-64": "0.13.9",
        "esbuild-windows-32": "0.13.9",
        "esbuild-windows-64": "0.13.9",
        "esbuild-windows-arm64": "0.13.9"
      }
    },
    "esbuild-android-arm64": {
      "version": "0.13.9",
      "resolved": "https://registry.npmmirror.com/esbuild-android-arm64/download/esbuild-android-arm64-0.13.9.tgz",
      "integrity": "sha1-bMSgxiMzLAgwoxHd2CQrH0lv+UA=",
      "dev": true,
      "optional": true
    },
    "esbuild-darwin-64": {
      "version": "0.13.9",
      "resolved": "https://registry.npmmirror.com/esbuild-darwin-64/download/esbuild-darwin-64-0.13.9.tgz",
      "integrity": "sha1-30QpfCQ4AyzaKyFUioK7AH4hBcw=",
      "dev": true,
      "optional": true
    },
    "esbuild-darwin-arm64": {
      "version": "0.13.9",
      "resolved": "https://registry.npmmirror.com/esbuild-darwin-arm64/download/esbuild-darwin-arm64-0.13.9.tgz",
      "integrity": "sha1-cE70BKajjtoZDUDtNU5/LByDkIE=",
      "dev": true,
      "optional": true
    },
    "esbuild-freebsd-64": {
      "version": "0.13.9",
      "resolved": "https://registry.npmmirror.com/esbuild-freebsd-64/download/esbuild-freebsd-64-0.13.9.tgz",
      "integrity": "sha1-+78iyZ4V8n0PihoEDXlhqG8NOk4=",
      "dev": true,
      "optional": true
    },
    "esbuild-freebsd-arm64": {
      "version": "0.13.9",
      "resolved": "https://registry.npmmirror.com/esbuild-freebsd-arm64/download/esbuild-freebsd-arm64-0.13.9.tgz",
      "integrity": "sha1-gJ//TENlPbvwcf/On4CgMLJ4CY4=",
      "dev": true,
      "optional": true
    },
    "esbuild-linux-32": {
      "version": "0.13.9",
      "resolved": "https://registry.npmmirror.com/esbuild-linux-32/download/esbuild-linux-32-0.13.9.tgz",
      "integrity": "sha1-+f00I0geUWdOmBfV7qJWiYiaX1o=",
      "dev": true,
      "optional": true
    },
    "esbuild-linux-64": {
      "version": "0.13.9",
      "resolved": "https://registry.npmmirror.com/esbuild-linux-64/download/esbuild-linux-64-0.13.9.tgz",
      "integrity": "sha1-nX9mhm2uGrr/fLw3SfKEfV+3L9U=",
      "dev": true,
      "optional": true
    },
    "esbuild-linux-arm": {
      "version": "0.13.9",
      "resolved": "https://registry.npmmirror.com/esbuild-linux-arm/download/esbuild-linux-arm-0.13.9.tgz",
      "integrity": "sha1-w861bsDj29GjqJ3KbLf8DKNgvMg=",
      "dev": true,
      "optional": true
    },
    "esbuild-linux-arm64": {
      "version": "0.13.9",
      "resolved": "https://registry.npmmirror.com/esbuild-linux-arm64/download/esbuild-linux-arm64-0.13.9.tgz",
      "integrity": "sha1-ZpIC5xuc7U0oW/0dad6UjgE6wo8=",
      "dev": true,
      "optional": true
    },
    "esbuild-linux-mips64le": {
      "version": "0.13.9",
      "resolved": "https://registry.npmmirror.com/esbuild-linux-mips64le/download/esbuild-linux-mips64le-0.13.9.tgz?cache=0&sync_timestamp=1635081045760&other_urls=https%3A%2F%2Fregistry.npmmirror.com%2Fesbuild-linux-mips64le%2Fdownload%2Fesbuild-linux-mips64le-0.13.9.tgz",
      "integrity": "sha1-v0vTie4Utnxcd2aZUvLeayzIoAM=",
      "dev": true,
      "optional": true
    },
    "esbuild-linux-ppc64le": {
      "version": "0.13.9",
      "resolved": "https://registry.npmmirror.com/esbuild-linux-ppc64le/download/esbuild-linux-ppc64le-0.13.9.tgz",
      "integrity": "sha1-Rlt73HBXfaYGs7XUYwKCkrbYNK0=",
      "dev": true,
      "optional": true
    },
    "esbuild-netbsd-64": {
      "version": "0.13.9",
      "resolved": "https://registry.npmmirror.com/esbuild-netbsd-64/download/esbuild-netbsd-64-0.13.9.tgz",
      "integrity": "sha1-lPLavoNSAGbMHh+uPs/3hpWo67E=",
      "dev": true,
      "optional": true
    },
    "esbuild-openbsd-64": {
      "version": "0.13.9",
      "resolved": "https://registry.npmmirror.com/esbuild-openbsd-64/download/esbuild-openbsd-64-0.13.9.tgz?cache=0&sync_timestamp=1635081046655&other_urls=https%3A%2F%2Fregistry.npmmirror.com%2Fesbuild-openbsd-64%2Fdownload%2Fesbuild-openbsd-64-0.13.9.tgz",
      "integrity": "sha1-tH9qZByjc1iu7bK3xLtz3QaCxtU=",
      "dev": true,
      "optional": true
    },
    "esbuild-sunos-64": {
      "version": "0.13.9",
      "resolved": "https://registry.npmmirror.com/esbuild-sunos-64/download/esbuild-sunos-64-0.13.9.tgz",
      "integrity": "sha1-sN9KMWt8mOtJD0vQ2zgc8sORrnM=",
      "dev": true,
      "optional": true
    },
    "esbuild-windows-32": {
      "version": "0.13.9",
      "resolved": "https://registry.npmmirror.com/esbuild-windows-32/download/esbuild-windows-32-0.13.9.tgz",
      "integrity": "sha1-4ilWPhNOY0+XSMyDFcaR4gEyWe8=",
      "dev": true,
      "optional": true
    },
    "esbuild-windows-64": {
      "version": "0.13.9",
      "resolved": "https://registry.npmmirror.com/esbuild-windows-64/download/esbuild-windows-64-0.13.9.tgz",
      "integrity": "sha1-EDrT8T4aDkSTS5HzWOgd0gG4azQ=",
      "dev": true,
      "optional": true
    },
    "esbuild-windows-arm64": {
      "version": "0.13.9",
      "resolved": "https://registry.npmmirror.com/esbuild-windows-arm64/download/esbuild-windows-arm64-0.13.9.tgz",
      "integrity": "sha1-VFu1iEgAglizObGwD8/pLIW8clE=",
      "dev": true,
      "optional": true
    },
    "estree-walker": {
      "version": "2.0.2",
      "resolved": "https://registry.nlark.com/estree-walker/download/estree-walker-2.0.2.tgz",
      "integrity": "sha1-UvAQF4wqTBF6d1fP6UKtt9LaTKw="
    },
    "follow-redirects": {
      "version": "1.14.4",
      "resolved": "https://registry.nlark.com/follow-redirects/download/follow-redirects-1.14.4.tgz?cache=0&sync_timestamp=1631622206750&other_urls=https%3A%2F%2Fregistry.nlark.com%2Ffollow-redirects%2Fdownload%2Ffollow-redirects-1.14.4.tgz",
      "integrity": "sha1-g4/fSKi73XnlLuUfsclOPtmLk3k="
    },
    "fsevents": {
      "version": "2.3.2",
      "resolved": "https://registry.npm.taobao.org/fsevents/download/fsevents-2.3.2.tgz?cache=0&sync_timestamp=1612536409579&other_urls=https%3A%2F%2Fregistry.npm.taobao.org%2Ffsevents%2Fdownload%2Ffsevents-2.3.2.tgz",
      "integrity": "sha1-ilJveLj99GI7cJ4Ll1xSwkwC/Ro=",
      "dev": true,
      "optional": true
    },
    "function-bind": {
      "version": "1.1.1",
      "resolved": "https://registry.npm.taobao.org/function-bind/download/function-bind-1.1.1.tgz",
      "integrity": "sha1-pWiZ0+o8m6uHS7l3O3xe3pL0iV0=",
      "dev": true
    },
    "graceful-fs": {
      "version": "4.2.8",
      "resolved": "https://registry.nlark.com/graceful-fs/download/graceful-fs-4.2.8.tgz",
      "integrity": "sha1-5BK40z9eAGWTy9PO5t+fLOu+gCo=",
      "dev": true,
      "optional": true
    },
    "has": {
      "version": "1.0.3",
      "resolved": "https://registry.nlark.com/has/download/has-1.0.3.tgz",
      "integrity": "sha1-ci18v8H2qoJB8W3YFOAR4fQeh5Y=",
      "dev": true,
      "requires": {
        "function-bind": "^1.1.1"
      }
    },
    "header-case": {
      "version": "2.0.4",
      "resolved": "https://registry.npm.taobao.org/header-case/download/header-case-2.0.4.tgz?cache=0&sync_timestamp=1606867254112&other_urls=https%3A%2F%2Fregistry.npm.taobao.org%2Fheader-case%2Fdownload%2Fheader-case-2.0.4.tgz",
      "integrity": "sha1-WkLmO1UXc0nPQFvrjXdayruSwGM=",
      "dev": true,
      "requires": {
        "capital-case": "^1.0.4",
        "tslib": "^2.0.3"
      }
    },
    "iconv-lite": {
      "version": "0.4.24",
      "resolved": "https://registry.nlark.com/iconv-lite/download/iconv-lite-0.4.24.tgz",
      "integrity": "sha1-ICK0sl+93CHS9SSXSkdKr+czkIs=",
      "dev": true,
      "optional": true,
      "requires": {
        "safer-buffer": ">= 2.1.2 < 3"
      }
    },
    "image-size": {
      "version": "0.5.5",
      "resolved": "https://registry.nlark.com/image-size/download/image-size-0.5.5.tgz",
      "integrity": "sha1-Cd/Uq50g4p6xw+gLiZA3jfnjy5w=",
      "dev": true,
      "optional": true
    },
    "is-core-module": {
      "version": "2.8.0",
      "resolved": "https://registry.npmmirror.com/is-core-module/download/is-core-module-2.8.0.tgz?cache=0&sync_timestamp=1634236539354&other_urls=https%3A%2F%2Fregistry.npmmirror.com%2Fis-core-module%2Fdownload%2Fis-core-module-2.8.0.tgz",
      "integrity": "sha1-AyEzbD0JJeSX/Zf12VyxFKXM1Ug=",
      "dev": true,
      "requires": {
        "has": "^1.0.3"
      }
    },
    "is-what": {
      "version": "3.14.1",
      "resolved": "https://registry.npmmirror.com/is-what/download/is-what-3.14.1.tgz?cache=0&sync_timestamp=1634283444436&other_urls=https%3A%2F%2Fregistry.npmmirror.com%2Fis-what%2Fdownload%2Fis-what-3.14.1.tgz",
      "integrity": "sha1-4SIvRt3ahd6tD9HJ3xMXYOd3VcE=",
      "dev": true
    },
    "less": {
      "version": "4.1.2",
      "resolved": "https://registry.npmmirror.com/less/download/less-4.1.2.tgz",
      "integrity": "sha1-YJnuWEmZdQwmJLZfgBRfhnTktLA=",
      "dev": true,
      "requires": {
        "copy-anything": "^2.0.1",
        "errno": "^0.1.1",
        "graceful-fs": "^4.1.2",
        "image-size": "~0.5.0",
        "make-dir": "^2.1.0",
        "mime": "^1.4.1",
        "needle": "^2.5.2",
        "parse-node-version": "^1.0.1",
        "source-map": "~0.6.0",
        "tslib": "^2.3.0"
      }
    },
    "lib-flexible": {
      "version": "0.3.2",
      "resolved": "https://registry.npm.taobao.org/lib-flexible/download/lib-flexible-0.3.2.tgz",
      "integrity": "sha1-BvWnSDIxSi01wSA5vJw8otrqpCY="
    },
    "lower-case": {
      "version": "2.0.2",
      "resolved": "https://registry.nlark.com/lower-case/download/lower-case-2.0.2.tgz?cache=0&sync_timestamp=1624607698082&other_urls=https%3A%2F%2Fregistry.nlark.com%2Flower-case%2Fdownload%2Flower-case-2.0.2.tgz",
      "integrity": "sha1-b6I3xj29xKgsoP2ILkci3F5jTig=",
      "dev": true,
      "requires": {
        "tslib": "^2.0.3"
      }
    },
    "magic-string": {
      "version": "0.25.7",
      "resolved": "https://registry.nlark.com/magic-string/download/magic-string-0.25.7.tgz",
      "integrity": "sha1-P0l9b9NMZpxnmNy4IfLvMfVEUFE=",
      "requires": {
        "sourcemap-codec": "^1.4.4"
      }
    },
    "make-dir": {
      "version": "2.1.0",
      "resolved": "https://registry.nlark.com/make-dir/download/make-dir-2.1.0.tgz",
      "integrity": "sha1-XwMQ4YuL6JjMBwCSlaMK5B6R5vU=",
      "dev": true,
      "optional": true,
      "requires": {
        "pify": "^4.0.1",
        "semver": "^5.6.0"
      }
    },
    "mime": {
      "version": "1.6.0",
      "resolved": "https://registry.nlark.com/mime/download/mime-1.6.0.tgz",
      "integrity": "sha1-Ms2eXGRVO9WNGaVor0Uqz/BJgbE=",
      "dev": true,
      "optional": true
    },
    "ms": {
      "version": "2.1.3",
      "resolved": "https://registry.npmmirror.com/ms/download/ms-2.1.3.tgz",
      "integrity": "sha1-V0yBOM4dK1hh8LRFedut1gxmFbI=",
      "dev": true,
      "optional": true
    },
    "nanoid": {
      "version": "3.1.30",
      "resolved": "https://registry.npmmirror.com/nanoid/download/nanoid-3.1.30.tgz",
      "integrity": "sha1-Y/k8xUjSoRPcXfvGO/oJ4rm2Q2I="
    },
    "needle": {
      "version": "2.9.1",
      "resolved": "https://registry.nlark.com/needle/download/needle-2.9.1.tgz?cache=0&sync_timestamp=1630674807738&other_urls=https%3A%2F%2Fregistry.nlark.com%2Fneedle%2Fdownload%2Fneedle-2.9.1.tgz",
      "integrity": "sha1-ItHf++NJDCuD4wH3cJtnNs2PJoQ=",
      "dev": true,
      "optional": true,
      "requires": {
        "debug": "^3.2.6",
        "iconv-lite": "^0.4.4",
        "sax": "^1.2.4"
      }
    },
    "no-case": {
      "version": "3.0.4",
      "resolved": "https://registry.nlark.com/no-case/download/no-case-3.0.4.tgz",
      "integrity": "sha1-02H9XJgA9VhVGoNp/A3NRmK2Ek0=",
      "dev": true,
      "requires": {
        "lower-case": "^2.0.2",
        "tslib": "^2.0.3"
      }
    },
    "param-case": {
      "version": "3.0.4",
      "resolved": "https://registry.nlark.com/param-case/download/param-case-3.0.4.tgz?cache=0&sync_timestamp=1624607700998&other_urls=https%3A%2F%2Fregistry.nlark.com%2Fparam-case%2Fdownload%2Fparam-case-3.0.4.tgz",
      "integrity": "sha1-fRf+SqEr3jTUp32RrPtiGcqtAcU=",
      "dev": true,
      "requires": {
        "dot-case": "^3.0.4",
        "tslib": "^2.0.3"
      }
    },
    "parse-node-version": {
      "version": "1.0.1",
      "resolved": "https://registry.nlark.com/parse-node-version/download/parse-node-version-1.0.1.tgz",
      "integrity": "sha1-4rXb7eAOf6m8NjYH9TMn6LBzGJs=",
      "dev": true
    },
    "pascal-case": {
      "version": "3.1.2",
      "resolved": "https://registry.nlark.com/pascal-case/download/pascal-case-3.1.2.tgz",
      "integrity": "sha1-tI4O8rmOIF58Ha50fQsVCCN2YOs=",
      "dev": true,
      "requires": {
        "no-case": "^3.0.4",
        "tslib": "^2.0.3"
      }
    },
    "path-case": {
      "version": "3.0.4",
      "resolved": "https://registry.npm.taobao.org/path-case/download/path-case-3.0.4.tgz",
      "integrity": "sha1-kWhkUzTrlCZYN1xW+AtMDLX4LG8=",
      "dev": true,
      "requires": {
        "dot-case": "^3.0.4",
        "tslib": "^2.0.3"
      }
    },
    "path-parse": {
      "version": "1.0.7",
      "resolved": "https://registry.nlark.com/path-parse/download/path-parse-1.0.7.tgz",
      "integrity": "sha1-+8EUtgykKzDZ2vWFjkvWi77bZzU=",
      "dev": true
    },
    "picocolors": {
      "version": "1.0.0",
      "resolved": "https://registry.npmmirror.com/picocolors/download/picocolors-1.0.0.tgz?cache=0&sync_timestamp=1634093378416&other_urls=https%3A%2F%2Fregistry.npmmirror.com%2Fpicocolors%2Fdownload%2Fpicocolors-1.0.0.tgz",
      "integrity": "sha1-y1vcdP8/UYkiNur3nWi8RFZKuBw="
    },
    "picomatch": {
      "version": "2.3.0",
      "resolved": "https://registry.nlark.com/picomatch/download/picomatch-2.3.0.tgz?cache=0&other_urls=https%3A%2F%2Fregistry.nlark.com%2Fpicomatch%2Fdownload%2Fpicomatch-2.3.0.tgz",
      "integrity": "sha1-8fBh3o9qS/AiiS4tEoI0+5gwKXI=",
      "dev": true
    },
    "pify": {
      "version": "4.0.1",
      "resolved": "https://registry.npm.taobao.org/pify/download/pify-4.0.1.tgz",
      "integrity": "sha1-SyzSXFDVmHNcUCkiJP2MbfQeMjE=",
      "dev": true,
      "optional": true
    },
    "postcss": {
      "version": "8.3.11",
      "resolved": "https://registry.npmmirror.com/postcss/download/postcss-8.3.11.tgz",
      "integrity": "sha1-w77KfqgRzV4cSj7G0udZnvH4+Fg=",
      "requires": {
        "nanoid": "^3.1.30",
        "picocolors": "^1.0.0",
        "source-map-js": "^0.6.2"
      }
    },
    "postcss-pxtorem": {
      "version": "6.0.0",
      "resolved": "https://registry.npm.taobao.org/postcss-pxtorem/download/postcss-pxtorem-6.0.0.tgz?cache=0&sync_timestamp=1615001062880&other_urls=https%3A%2F%2Fregistry.npm.taobao.org%2Fpostcss-pxtorem%2Fdownload%2Fpostcss-pxtorem-6.0.0.tgz",
      "integrity": "sha1-8iik0F2Kc/BkLquulQ4rGYNjZtc="
    },
    "prr": {
      "version": "1.0.1",
      "resolved": "https://registry.nlark.com/prr/download/prr-1.0.1.tgz",
      "integrity": "sha1-0/wRS6BplaRexok/SEzrHXj19HY=",
      "dev": true,
      "optional": true
    },
    "resolve": {
      "version": "1.20.0",
      "resolved": "https://registry.nlark.com/resolve/download/resolve-1.20.0.tgz",
      "integrity": "sha1-YpoBP7P3B1XW8LeTXMHCxTeLGXU=",
      "dev": true,
      "requires": {
        "is-core-module": "^2.2.0",
        "path-parse": "^1.0.6"
      }
    },
    "rollup": {
      "version": "2.58.0",
      "resolved": "https://registry.npmmirror.com/rollup/download/rollup-2.58.0.tgz",
      "integrity": "sha1-pkOYM2Xnv39bfGKoMxuYO3xMZ/s=",
      "dev": true,
      "requires": {
        "fsevents": "~2.3.2"
      }
    },
    "safer-buffer": {
      "version": "2.1.2",
      "resolved": "https://registry.npm.taobao.org/safer-buffer/download/safer-buffer-2.1.2.tgz",
      "integrity": "sha1-RPoWGwGHuVSd2Eu5GAL5vYOFzWo=",
      "dev": true,
      "optional": true
    },
    "sax": {
      "version": "1.2.4",
      "resolved": "https://registry.npm.taobao.org/sax/download/sax-1.2.4.tgz",
      "integrity": "sha1-KBYjTiN4vdxOU1T6tcqold9xANk=",
      "dev": true,
      "optional": true
    },
    "semver": {
      "version": "5.7.1",
      "resolved": "https://registry.nlark.com/semver/download/semver-5.7.1.tgz",
      "integrity": "sha1-qVT5Ma66UI0we78Gnv8MAclhFvc=",
      "dev": true,
      "optional": true
    },
    "sentence-case": {
      "version": "3.0.4",
      "resolved": "https://registry.nlark.com/sentence-case/download/sentence-case-3.0.4.tgz",
      "integrity": "sha1-NkWnuMEXx4f96HAgViJbtipFEx8=",
      "dev": true,
      "requires": {
        "no-case": "^3.0.4",
        "tslib": "^2.0.3",
        "upper-case-first": "^2.0.2"
      }
    },
    "snake-case": {
      "version": "3.0.4",
      "resolved": "https://registry.npm.taobao.org/snake-case/download/snake-case-3.0.4.tgz",
      "integrity": "sha1-Tyu9Vo6ZNavf1ZPzTGkdrbScRSw=",
      "dev": true,
      "requires": {
        "dot-case": "^3.0.4",
        "tslib": "^2.0.3"
      }
    },
    "source-map": {
      "version": "0.6.1",
      "resolved": "https://registry.npm.taobao.org/source-map/download/source-map-0.6.1.tgz",
      "integrity": "sha1-dHIq8y6WFOnCh6jQu95IteLxomM="
    },
    "source-map-js": {
      "version": "0.6.2",
      "resolved": "https://registry.npm.taobao.org/source-map-js/download/source-map-js-0.6.2.tgz",
      "integrity": "sha1-C7XeYxtBz72mz7qL0FqA79/SOF4="
    },
    "sourcemap-codec": {
      "version": "1.4.8",
      "resolved": "https://registry.nlark.com/sourcemap-codec/download/sourcemap-codec-1.4.8.tgz",
      "integrity": "sha1-6oBL2UhXQC5pktBaOO8a41qatMQ="
    },
    "tslib": {
      "version": "2.3.1",
      "resolved": "https://registry.nlark.com/tslib/download/tslib-2.3.1.tgz",
      "integrity": "sha1-6KM1rdXOrlGqJh0ypJAVjvBC7wE=",
      "dev": true
    },
    "upper-case": {
      "version": "2.0.2",
      "resolved": "https://registry.nlark.com/upper-case/download/upper-case-2.0.2.tgz",
      "integrity": "sha1-2JgQgj+qsd8VSbfZenb4Ziuub3o=",
      "dev": true,
      "requires": {
        "tslib": "^2.0.3"
      }
    },
    "upper-case-first": {
      "version": "2.0.2",
      "resolved": "https://registry.npm.taobao.org/upper-case-first/download/upper-case-first-2.0.2.tgz?cache=0&sync_timestamp=1606867254610&other_urls=https%3A%2F%2Fregistry.npm.taobao.org%2Fupper-case-first%2Fdownload%2Fupper-case-first-2.0.2.tgz",
      "integrity": "sha1-mSwyc/iCq9GdHgKJTMFHEX+EQyQ=",
      "dev": true,
      "requires": {
        "tslib": "^2.0.3"
      }
    },
    "vant": {
      "version": "3.2.5",
      "resolved": "https://registry.npmmirror.com/vant/download/vant-3.2.5.tgz?cache=0&sync_timestamp=1634176914818&other_urls=https%3A%2F%2Fregistry.npmmirror.com%2Fvant%2Fdownload%2Fvant-3.2.5.tgz",
      "integrity": "sha1-CS0QpQkwRMnQ53JPVr1ofcqUrpA=",
      "requires": {
        "@vant/icons": "^1.7.1",
        "@vant/lazyload": "^1.4.0",
        "@vant/popperjs": "^1.1.0",
        "@vant/use": "^1.3.2"
      }
    },
    "vite": {
      "version": "2.6.10",
      "resolved": "https://registry.npmmirror.com/vite/download/vite-2.6.10.tgz?cache=0&sync_timestamp=1634576508179&other_urls=https%3A%2F%2Fregistry.npmmirror.com%2Fvite%2Fdownload%2Fvite-2.6.10.tgz",
      "integrity": "sha1-ek9CDG4sfZBix/nORXioF8crOEI=",
      "dev": true,
      "requires": {
        "esbuild": "^0.13.2",
        "fsevents": "~2.3.2",
        "postcss": "^8.3.8",
        "resolve": "^1.20.0",
        "rollup": "^2.57.0"
      }
    },
    "vite-plugin-style-import": {
      "version": "1.2.1",
      "resolved": "https://registry.nlark.com/vite-plugin-style-import/download/vite-plugin-style-import-1.2.1.tgz?cache=0&sync_timestamp=1629735507048&other_urls=https%3A%2F%2Fregistry.nlark.com%2Fvite-plugin-style-import%2Fdownload%2Fvite-plugin-style-import-1.2.1.tgz",
      "integrity": "sha1-cwx7Dh9h7WhZdP4J0tUJSFhJG+Y=",
      "dev": true,
      "requires": {
        "@rollup/pluginutils": "^4.1.1",
        "change-case": "^4.1.2",
        "debug": "^4.3.2",
        "es-module-lexer": "^0.7.1",
        "magic-string": "^0.25.7"
      },
      "dependencies": {
        "debug": {
          "version": "4.3.2",
          "resolved": "https://registry.nlark.com/debug/download/debug-4.3.2.tgz?cache=0&other_urls=https%3A%2F%2Fregistry.nlark.com%2Fdebug%2Fdownload%2Fdebug-4.3.2.tgz",
          "integrity": "sha1-8KScGKyHeeMdSgxgKd+3aHPHQos=",
          "dev": true,
          "requires": {
            "ms": "2.1.2"
          }
        },
        "ms": {
          "version": "2.1.2",
          "resolved": "https://registry.npmmirror.com/ms/download/ms-2.1.2.tgz",
          "integrity": "sha1-0J0fNXtEP0kzgqjrPM0YOHKuYAk=",
          "dev": true
        }
      }
    },
    "vue": {
      "version": "3.2.20",
      "resolved": "https://registry.npmmirror.com/vue/download/vue-3.2.20.tgz?cache=0&sync_timestamp=1633712767060&other_urls=https%3A%2F%2Fregistry.npmmirror.com%2Fvue%2Fdownload%2Fvue-3.2.20.tgz",
      "integrity": "sha1-lA+KqL8+O+eCQ8pYK61B/NRa4+Y=",
      "requires": {
        "@vue/compiler-dom": "3.2.20",
        "@vue/compiler-sfc": "3.2.20",
        "@vue/runtime-dom": "3.2.20",
        "@vue/server-renderer": "3.2.20",
        "@vue/shared": "3.2.20"
      }
    },
    "vue-router": {
      "version": "4.0.12",
      "resolved": "https://registry.npmmirror.com/vue-router/download/vue-router-4.0.12.tgz?cache=0&sync_timestamp=1634663761461&other_urls=https%3A%2F%2Fregistry.npmmirror.com%2Fvue-router%2Fdownload%2Fvue-router-4.0.12.tgz",
      "integrity": "sha1-jceSzd9bsavMOQj5BkE23n4TxGA=",
      "requires": {
        "@vue/devtools-api": "^6.0.0-beta.18"
      }
    }
  }
}
