# THIS IS AN AUTOGENERATED FILE. DO NOT EDIT THIS FILE DIRECTLY.
# yarn lockfile v1


"@babel/parser@^7.15.0":
  version "7.15.8"
  resolved "https://registry.yarnpkg.com/@babel/parser/-/parser-7.15.8.tgz#7bacdcbe71bdc3ff936d510c15dcea7cf0b99016"
  integrity sha512-BRYa3wcQnjS/nqI8Ac94pYYpJfojHVvVXJ97+IDCImX4Jc8W8Xv1+47enbruk+q1etOpsQNwnfFcNGw+gtPGxA==

"@vitejs/plugin-vue@^1.9.3":
  version "1.9.3"
  resolved "https://registry.yarnpkg.com/@vitejs/plugin-vue/-/plugin-vue-1.9.3.tgz#93d61893ce6c723d0209af0483ec8b91a2cd811f"
  integrity sha512-yW6H/q+4Mc2PcVjSOelcsMrg/k15DnMUz8jyCFsI04emc3aLwo4AoofUfGnjHUkgirrDxSJLVqQVGhonQ3yykA==

"@vue/compiler-core@3.2.20":
  version "3.2.20"
  resolved "https://registry.yarnpkg.com/@vue/compiler-core/-/compiler-core-3.2.20.tgz#af5a3c5237818835b0d0be837eb5885a8d21c160"
  integrity sha512-vcEXlKXoPwBXFP5aUTHN9GTZaDfwCofa9Yu9bbW2C5O/QSa9Esdt7OG4+0RRd3EHEMxUvEdj4RZrd/KpQeiJbA==
  dependencies:
    "@babel/parser" "^7.15.0"
    "@vue/shared" "3.2.20"
    estree-walker "^2.0.2"
    source-map "^0.6.1"

"@vue/compiler-dom@3.2.20":
  version "3.2.20"
  resolved "https://registry.yarnpkg.com/@vue/compiler-dom/-/compiler-dom-3.2.20.tgz#8e0ef354449c0faf41519b00bfc2045eae01dcb5"
  integrity sha512-QnI77ec/JtV7R0YBbcVayYTDCRcI9OCbxiUQK6izVyqQO0658n0zQuoNwe+bYgtqnvGAIqTR3FShTd5y4oOjdg==
  dependencies:
    "@vue/compiler-core" "3.2.20"
    "@vue/shared" "3.2.20"

"@vue/compiler-sfc@3.2.20":
  version "3.2.20"
  resolved "https://registry.yarnpkg.com/@vue/compiler-sfc/-/compiler-sfc-3.2.20.tgz#2d7668e76f066c566dd7c09c15c9acce4e876e0a"
  integrity sha512-03aZo+6tQKiFLfunHKSPZvdK4Jsn/ftRCyaro8AQIWkuxJbvSosbKK6HTTn+D2c3nPScG155akJoxKENw7rftQ==
  dependencies:
    "@babel/parser" "^7.15.0"
    "@vue/compiler-core" "3.2.20"
    "@vue/compiler-dom" "3.2.20"
    "@vue/compiler-ssr" "3.2.20"
    "@vue/ref-transform" "3.2.20"
    "@vue/shared" "3.2.20"
    estree-walker "^2.0.2"
    magic-string "^0.25.7"
    postcss "^8.1.10"
    source-map "^0.6.1"

"@vue/compiler-ssr@3.2.20":
  version "3.2.20"
  resolved "https://registry.yarnpkg.com/@vue/compiler-ssr/-/compiler-ssr-3.2.20.tgz#9cceb6261d9932cb5568202610c1c28f86c5e521"
  integrity sha512-rzzVVYivm+EjbfiGQvNeyiYZWzr6Hkej97RZLZvcumacQlnKv9176Xo9rRyeWwFbBlxmtNdrVMslRXtipMXk2w==
  dependencies:
    "@vue/compiler-dom" "3.2.20"
    "@vue/shared" "3.2.20"

"@vue/reactivity@3.2.20":
  version "3.2.20"
  resolved "https://registry.yarnpkg.com/@vue/reactivity/-/reactivity-3.2.20.tgz#81fe1c368e7f20bc0ec1dec1045bbee253582de8"
  integrity sha512-nSmoLojUTk+H8HNTAkrUduB4+yIUBK2HPihJo2uXVSH4Spry6oqN6lFzE5zpLK+F27Sja+UqR9R1+/kIOsHV5w==
  dependencies:
    "@vue/shared" "3.2.20"

"@vue/ref-transform@3.2.20":
  version "3.2.20"
  resolved "https://registry.yarnpkg.com/@vue/ref-transform/-/ref-transform-3.2.20.tgz#2a59ec90caf8e5c7336776a0900bff0a8b81c090"
  integrity sha512-Y42d3PGlYZ1lXcF3dbd3+qU/C/a3wYEZ949fyOI5ptzkjDWlkfU6vn74fmOjsLjEcjs10BXK2qO99FqQIK2r1Q==
  dependencies:
    "@babel/parser" "^7.15.0"
    "@vue/compiler-core" "3.2.20"
    "@vue/shared" "3.2.20"
    estree-walker "^2.0.2"
    magic-string "^0.25.7"

"@vue/runtime-core@3.2.20":
  version "3.2.20"
  resolved "https://registry.yarnpkg.com/@vue/runtime-core/-/runtime-core-3.2.20.tgz#8f63e956a3f88fb772541443c45a7701211012cb"
  integrity sha512-d1xfUGhZPfiZzAN7SatStD4vRtT8deJSXib2+Cz3x0brjMWKxe32asQc154FF1E2fFgMCHtnfd4A90bQEzV4GQ==
  dependencies:
    "@vue/reactivity" "3.2.20"
    "@vue/shared" "3.2.20"

"@vue/runtime-dom@3.2.20":
  version "3.2.20"
  resolved "https://registry.yarnpkg.com/@vue/runtime-dom/-/runtime-dom-3.2.20.tgz#8aa56ae6c30f9cd4a71ca0e9ec3c4bdc67148d15"
  integrity sha512-4TCvZMLhESWCFHFYgqN4QmMA/onnINAlUovhopjlS8ST27G1A8Z0tyxPzLoXLa+b5JrOpbMPheEMPvdKExTJig==
  dependencies:
    "@vue/runtime-core" "3.2.20"
    "@vue/shared" "3.2.20"
    csstype "^2.6.8"

"@vue/server-renderer@3.2.20":
  version "3.2.20"
  resolved "https://registry.yarnpkg.com/@vue/server-renderer/-/server-renderer-3.2.20.tgz#705e07ae9425132b2b6227d308a51a13f4d4ec81"
  integrity sha512-viIbZGep9XabnrRcaxWIi00cOh1x21QYm2upIL5W0zqzTJ54VdTzpI+zi1osNp+VfRQDTHpV2U7H3Kn4ljYJvg==
  dependencies:
    "@vue/compiler-ssr" "3.2.20"
    "@vue/shared" "3.2.20"

"@vue/shared@3.2.20":
  version "3.2.20"
  resolved "https://registry.yarnpkg.com/@vue/shared/-/shared-3.2.20.tgz#53746961f731a8ea666e3316271e944238dc31db"
  integrity sha512-FbpX+hD5BvXCQerEYO7jtAGHlhAkhTQ4KIV73kmLWNlawWhTiVuQxizgVb0BOkX5oG9cIRZ42EG++d/k/Efp0w==

csstype@^2.6.8:
  version "2.6.18"
  resolved "https://registry.yarnpkg.com/csstype/-/csstype-2.6.18.tgz#980a8b53085f34af313410af064f2bd241784218"
  integrity sha512-RSU6Hyeg14am3Ah4VZEmeX8H7kLwEEirXe6aU2IPfKNvhXwTflK5HQRDNI0ypQXoqmm+QPyG2IaPuQE5zMwSIQ==

esbuild-android-arm64@0.13.7:
  version "0.13.7"
  resolved "https://registry.yarnpkg.com/esbuild-android-arm64/-/esbuild-android-arm64-0.13.7.tgz#528886c36968aa6ab6496392d419654dda88f092"
  integrity sha512-yqCTKzmm3jiUXgi0yeKhvwZCZTqClUXwwMRAntcM9u/xvXhmpw0V0Z4qDEpnkmF2NCMzmJRH+DAAQ5whuf3CYA==

esbuild-darwin-64@0.13.7:
  version "0.13.7"
  resolved "https://registry.yarnpkg.com/esbuild-darwin-64/-/esbuild-darwin-64-0.13.7.tgz#32cf420d43ca448e7741a90d0d4c6dc5385969da"
  integrity sha512-MvsgMUWzq5FxoeJLSavw3rgQbaC55A8QTI1U2/8MWamtAeDKyzWQnglcsF0/TkjGLaKEqS0ZLo8akJ8q34BCtw==

esbuild-darwin-arm64@0.13.7:
  version "0.13.7"
  resolved "https://registry.yarnpkg.com/esbuild-darwin-arm64/-/esbuild-darwin-arm64-0.13.7.tgz#c80f0b62c8ae4710b17090f507037aeae73e9016"
  integrity sha512-tuP+dpIzXj17UC17VkHFDAH5nB7MajJK7sF8Fz4iVo8cml8YXj3MeNtjjLmx9YFvPs4XW3hFw1eqZJ06h2ssIA==

esbuild-freebsd-64@0.13.7:
  version "0.13.7"
  resolved "https://registry.yarnpkg.com/esbuild-freebsd-64/-/esbuild-freebsd-64-0.13.7.tgz#0b826a9655446c0d0a01a4a996d450e5cb0e033a"
  integrity sha512-p07TrpkCJJyAXXCXFm2IpAvyASUTcuT0OF43riEsgjuRJmtaNBOUENecr2B2k/zd9wkGz6UyxxtnFntaBttkDg==

esbuild-freebsd-arm64@0.13.7:
  version "0.13.7"
  resolved "https://registry.yarnpkg.com/esbuild-freebsd-arm64/-/esbuild-freebsd-arm64-0.13.7.tgz#f9c980ce7e71e6702f82706a6244959eba2b80dc"
  integrity sha512-MCtfBRkE1GwAnjVoWPYoZ+S/+zanzWxAJVER1/8jmWobCXJG0w+YM2IXQ2fN4T9U96RusFWQDMJVoACnqhIAzg==

esbuild-linux-32@0.13.7:
  version "0.13.7"
  resolved "https://registry.yarnpkg.com/esbuild-linux-32/-/esbuild-linux-32-0.13.7.tgz#3d9d704452ed13da20771537bf30f695b9f80327"
  integrity sha512-HM4d16XbqToo93LPrgzkiLgX3Xgr9Mw67tEM8vjhHDx18JnaZqPdIsl5ZfCqRGHlLUq+GdFKl6+dH7WlsiWMCA==

esbuild-linux-64@0.13.7:
  version "0.13.7"
  resolved "https://registry.yarnpkg.com/esbuild-linux-64/-/esbuild-linux-64-0.13.7.tgz#ce5c7b964990fdb2713ce816f0a24ffffd96942c"
  integrity sha512-krgiIEyqcS0kfTjptGEQzdYwiEmmqpmiZHlKqZILVuU5BaIVWCBMmVx20HH9waJw1yT0Ao4fZTZ9kg8s/pKAYA==

esbuild-linux-arm64@0.13.7:
  version "0.13.7"
  resolved "https://registry.yarnpkg.com/esbuild-linux-arm64/-/esbuild-linux-arm64-0.13.7.tgz#53a53f43669ef705c925bf275491d507cb77b06b"
  integrity sha512-aM2BUTdbtzEUOuLqDusGCuWQRqc0JazgbA/6+Q9xhUgNLHGUMAsu4C5G0qPnJCTlWGZX+bcQYma6wFVEp9ibBg==

esbuild-linux-arm@0.13.7:
  version "0.13.7"
  resolved "https://registry.yarnpkg.com/esbuild-linux-arm/-/esbuild-linux-arm-0.13.7.tgz#3372ea117517aa3194ed1622305ab76bf2550b1d"
  integrity sha512-GOAt1brGG14mmQx2sRD3wHi3rih94OzhmDRVyo7JvlSmWOfEczPf7zL7YfmgjuktvvuLTERtTJzaih7nyCwPOg==

esbuild-linux-mips64le@0.13.7:
  version "0.13.7"
  resolved "https://registry.yarnpkg.com/esbuild-linux-mips64le/-/esbuild-linux-mips64le-0.13.7.tgz#c431291deecb949a4cdbbab0bc01b6b4a962104a"
  integrity sha512-+UJq6cxpc2ldaQFdpEDrBhqhluXsqCNlWiHccIjq25r+3YbFg0c/RJEypoVU7tjhGXUGWyWWQ7SLkzHYpf+Nsg==

esbuild-linux-ppc64le@0.13.7:
  version "0.13.7"
  resolved "https://registry.yarnpkg.com/esbuild-linux-ppc64le/-/esbuild-linux-ppc64le-0.13.7.tgz#d47b2322ac1ad61669045d5f95181d4f0d9744d2"
  integrity sha512-6zwpliO4ZZtodDYM1JJEmSMpkd07I8bnNOKoHe7TOs9VhylXJooHh5ObSbSvk3FxCBs+jL5bxb24p10/Cg4RGw==

esbuild-netbsd-64@0.13.7:
  version "0.13.7"
  resolved "https://registry.yarnpkg.com/esbuild-netbsd-64/-/esbuild-netbsd-64-0.13.7.tgz#9c9fed5dfc2f3656de024496f10928368a29ea10"
  integrity sha512-CfTHeTfJWlwjgfpApXYvECytLD6BzTWovLE0+28KT7bjU5fM4ieDYzRvjWjFAOB2X6DWpaoQnJAlhJirQBW0EQ==

esbuild-openbsd-64@0.13.7:
  version "0.13.7"
  resolved "https://registry.yarnpkg.com/esbuild-openbsd-64/-/esbuild-openbsd-64-0.13.7.tgz#fc039ce363b0ad5617a82dc9d312fccebd950070"
  integrity sha512-qfW+f0MQfl72zVwgbV00I1kAP2zty+N031cNnQINcBmzHOSbEbaBQbUM0kawq+wdfgS/Xmppgf7nD1H8GWAvow==

esbuild-sunos-64@0.13.7:
  version "0.13.7"
  resolved "https://registry.yarnpkg.com/esbuild-sunos-64/-/esbuild-sunos-64-0.13.7.tgz#ad85a2f2cd38b6e920f2ad07ebc134cdba92e26d"
  integrity sha512-fVRM9mV0wAYLt92IqzudxACMLJZRQFx1oJsNeU4fPFmUxIkYE4C7G7z9vqI2eu9bpDo1fA+3+5djo/T/28Mckg==

esbuild-windows-32@0.13.7:
  version "0.13.7"
  resolved "https://registry.yarnpkg.com/esbuild-windows-32/-/esbuild-windows-32-0.13.7.tgz#146b416c5172a2c252ce29f899c0c8f1a20eac50"
  integrity sha512-v3csjeQtlHHWS1q/tE9rTRCSSU/fGvJVh1l7gkS93ysAaIMeC0j9Q0h2PxFpQ6yxuwftuDYfQdnkVGcqjkKM8A==

esbuild-windows-64@0.13.7:
  version "0.13.7"
  resolved "https://registry.yarnpkg.com/esbuild-windows-64/-/esbuild-windows-64-0.13.7.tgz#9eaffae2204263a7b35313ea51a6a6e5a5e0bb48"
  integrity sha512-vk+yv/vYpHZP0vxSaxaA4EMaicuxy4E435EXkbsgk5UgpcQgSP0CVlIeaqtgfSM3IwGnpbagOirRVqqZqxyMDQ==

esbuild-windows-arm64@0.13.7:
  version "0.13.7"
  resolved "https://registry.yarnpkg.com/esbuild-windows-arm64/-/esbuild-windows-arm64-0.13.7.tgz#6937647f05528248b1634027d839ae81ffdde8c2"
  integrity sha512-0Fp+IeG5qWLCK+U6d8L9/SnXkI6f3JMtauSQ8HHzw3Fl0pZ+VImUAUWZ3g2fhthNqp+t8dB3n238CJD6XBn15w==

esbuild@^0.13.2:
  version "0.13.7"
  resolved "https://registry.yarnpkg.com/esbuild/-/esbuild-0.13.7.tgz#ee6e04da3c0ca34f35a05dea649caa48686c92fb"
  integrity sha512-Ok3w+Pc9SNdNVEEJUUx9OvNZHwFyoKS0N+ceytfUB3wh/HxhRkOEc9dO8KR9AjfpFI82/Wg258GRDs1/8SFgKQ==
  optionalDependencies:
    esbuild-android-arm64 "0.13.7"
    esbuild-darwin-64 "0.13.7"
    esbuild-darwin-arm64 "0.13.7"
    esbuild-freebsd-64 "0.13.7"
    esbuild-freebsd-arm64 "0.13.7"
    esbuild-linux-32 "0.13.7"
    esbuild-linux-64 "0.13.7"
    esbuild-linux-arm "0.13.7"
    esbuild-linux-arm64 "0.13.7"
    esbuild-linux-mips64le "0.13.7"
    esbuild-linux-ppc64le "0.13.7"
    esbuild-netbsd-64 "0.13.7"
    esbuild-openbsd-64 "0.13.7"
    esbuild-sunos-64 "0.13.7"
    esbuild-windows-32 "0.13.7"
    esbuild-windows-64 "0.13.7"
    esbuild-windows-arm64 "0.13.7"

estree-walker@^2.0.2:
  version "2.0.2"
  resolved "https://registry.yarnpkg.com/estree-walker/-/estree-walker-2.0.2.tgz#52f010178c2a4c117a7757cfe942adb7d2da4cac"
  integrity sha512-Rfkk/Mp/DL7JVje3u18FxFujQlTNR2q6QfMSMB7AvCBx91NGj/ba3kCfza0f6dVDbw7YlRf/nDrn7pQrCCyQ/w==

fsevents@~2.3.2:
  version "2.3.2"
  resolved "https://registry.yarnpkg.com/fsevents/-/fsevents-2.3.2.tgz#8a526f78b8fdf4623b709e0b975c52c24c02fd1a"
  integrity sha512-xiqMQR4xAeHTuB9uWm+fFRcIOgKBMiOBP+eXiyT7jsgVCq1bkVygt00oASowB7EdtpOHaaPgKt812P9ab+DDKA==

function-bind@^1.1.1:
  version "1.1.1"
  resolved "https://registry.yarnpkg.com/function-bind/-/function-bind-1.1.1.tgz#a56899d3ea3c9bab874bb9773b7c5ede92f4895d"
  integrity sha512-yIovAzMX49sF8Yl58fSCWJ5svSLuaibPxXQJFLmBObTuCr0Mf1KiPopGM9NiFjiYBCbfaa2Fh6breQ6ANVTI0A==

has@^1.0.3:
  version "1.0.3"
  resolved "https://registry.yarnpkg.com/has/-/has-1.0.3.tgz#722d7cbfc1f6aa8241f16dd814e011e1f41e8796"
  integrity sha512-f2dvO0VU6Oej7RkWJGrehjbzMAjFp5/VKPp5tTpWIV4JHHZK1/BxbFRtf/siA2SWTe09caDmVtYYzWEIbBS4zw==
  dependencies:
    function-bind "^1.1.1"

is-core-module@^2.2.0:
  version "2.8.0"
  resolved "https://registry.yarnpkg.com/is-core-module/-/is-core-module-2.8.0.tgz#0321336c3d0925e497fd97f5d95cb114a5ccd548"
  integrity sha512-vd15qHsaqrRL7dtH6QNuy0ndJmRDrS9HAM1CAiSifNUFv4x1a0CCVsj18hJ1mShxIG6T2i1sO78MkP56r0nYRw==
  dependencies:
    has "^1.0.3"

magic-string@^0.25.7:
  version "0.25.7"
  resolved "https://registry.yarnpkg.com/magic-string/-/magic-string-0.25.7.tgz#3f497d6fd34c669c6798dcb821f2ef31f5445051"
  integrity sha512-4CrMT5DOHTDk4HYDlzmwu4FVCcIYI8gauveasrdCu2IKIFOJ3f0v/8MDGJCDL9oD2ppz/Av1b0Nj345H9M+XIA==
  dependencies:
    sourcemap-codec "^1.4.4"

nanoid@^3.1.28:
  version "3.1.30"
  resolved "https://registry.yarnpkg.com/nanoid/-/nanoid-3.1.30.tgz#63f93cc548d2a113dc5dfbc63bfa09e2b9b64362"
  integrity sha512-zJpuPDwOv8D2zq2WRoMe1HsfZthVewpel9CAvTfc/2mBD1uUT/agc5f7GHGWXlYkFvi1mVxe4IjvP2HNrop7nQ==

path-parse@^1.0.6:
  version "1.0.7"
  resolved "https://registry.yarnpkg.com/path-parse/-/path-parse-1.0.7.tgz#fbc114b60ca42b30d9daf5858e4bd68bbedb6735"
  integrity sha512-LDJzPVEEEPR+y48z93A0Ed0yXb8pAByGWo/k5YYdYgpY2/2EsOsksJrq7lOHxryrVOn1ejG6oAp8ahvOIQD8sw==

picocolors@^0.2.1:
  version "0.2.1"
  resolved "https://registry.yarnpkg.com/picocolors/-/picocolors-0.2.1.tgz#570670f793646851d1ba135996962abad587859f"
  integrity sha512-cMlDqaLEqfSaW8Z7N5Jw+lyIW869EzT73/F5lhtY9cLGoVxSXznfgfXMO0Z5K0o0Q2TkTXq+0KFsdnSe3jDViA==

postcss@^8.1.10, postcss@^8.3.8:
  version "8.3.9"
  resolved "https://registry.yarnpkg.com/postcss/-/postcss-8.3.9.tgz#98754caa06c4ee9eb59cc48bd073bb6bd3437c31"
  integrity sha512-f/ZFyAKh9Dnqytx5X62jgjhhzttjZS7hMsohcI7HEI5tjELX/HxCy3EFhsRxyzGvrzFF+82XPvCS8T9TFleVJw==
  dependencies:
    nanoid "^3.1.28"
    picocolors "^0.2.1"
    source-map-js "^0.6.2"

resolve@^1.20.0:
  version "1.20.0"
  resolved "https://registry.yarnpkg.com/resolve/-/resolve-1.20.0.tgz#629a013fb3f70755d6f0b7935cc1c2c5378b1975"
  integrity sha512-wENBPt4ySzg4ybFQW2TT1zMQucPK95HSh/nq2CFTZVOGut2+pQvSsgtda4d26YrYcr067wjbmzOG8byDPBX63A==
  dependencies:
    is-core-module "^2.2.0"
    path-parse "^1.0.6"

rollup@^2.57.0:
  version "2.58.0"
  resolved "https://registry.yarnpkg.com/rollup/-/rollup-2.58.0.tgz#a643983365e7bf7f5b7c62a8331b983b7c4c67fb"
  integrity sha512-NOXpusKnaRpbS7ZVSzcEXqxcLDOagN6iFS8p45RkoiMqPHDLwJm758UF05KlMoCRbLBTZsPOIa887gZJ1AiXvw==
  optionalDependencies:
    fsevents "~2.3.2"

source-map-js@^0.6.2:
  version "0.6.2"
  resolved "https://registry.yarnpkg.com/source-map-js/-/source-map-js-0.6.2.tgz#0bb5de631b41cfbda6cfba8bd05a80efdfd2385e"
  integrity sha512-/3GptzWzu0+0MBQFrDKzw/DvvMTUORvgY6k6jd/VS6iCR4RDTKWH6v6WPwQoUO8667uQEf9Oe38DxAYWY5F/Ug==

source-map@^0.6.1:
  version "0.6.1"
  resolved "https://registry.yarnpkg.com/source-map/-/source-map-0.6.1.tgz#74722af32e9614e9c287a8d0bbde48b5e2f1a263"
  integrity sha512-UjgapumWlbMhkBgzT7Ykc5YXUT46F0iKu8SGXq0bcwP5dz/h0Plj6enJqjz1Zbq2l5WaqYnrVbwWOWMyF3F47g==

sourcemap-codec@^1.4.4:
  version "1.4.8"
  resolved "https://registry.yarnpkg.com/sourcemap-codec/-/sourcemap-codec-1.4.8.tgz#ea804bd94857402e6992d05a38ef1ae35a9ab4c4"
  integrity sha512-9NykojV5Uih4lgo5So5dtw+f0JgJX30KCNI8gwhz2J9A15wD0Ml6tjHKwf6fTSa6fAdVBdZeNOs9eJ71qCk8vA==

vite@^2.6.4:
  version "2.6.7"
  resolved "https://registry.yarnpkg.com/vite/-/vite-2.6.7.tgz#e15c1d8327950720b5d7c4ec3fb36a5a58ccf7cb"
  integrity sha512-ewk//jve9k6vlU8PfJmWUHN8k0YYdw4VaKOMvoQ3nT2Pb6k5OSMKQi4jPOzVH/TlUqMsCrq7IJ80xcuDDVyigg==
  dependencies:
    esbuild "^0.13.2"
    postcss "^8.3.8"
    resolve "^1.20.0"
    rollup "^2.57.0"
  optionalDependencies:
    fsevents "~2.3.2"

vue@^3.2.16:
  version "3.2.20"
  resolved "https://registry.yarnpkg.com/vue/-/vue-3.2.20.tgz#940f8aa8bf3e3be78243ca582bad41fcd45ae3e6"
  integrity sha512-81JjEP4OGk9oO8+CU0h2nFPGgJBm9mNa3kdCX2k6FuRdrWrC+CNe+tOnuIeTg8EWwQuI+wwdra5Q7vSzp7p4Iw==
  dependencies:
    "@vue/compiler-dom" "3.2.20"
    "@vue/compiler-sfc" "3.2.20"
    "@vue/runtime-dom" "3.2.20"
    "@vue/server-renderer" "3.2.20"
    "@vue/shared" "3.2.20"
